// !$*UTF8*$!
{
	archiveVersion = 1;
	classes = {
	};
	objectVersion = 50;
	objects = {

/* Begin PBXBuildFile section */
		6D27C33D24BC313F00B16251 /* AppDelegate.m in Sources */ = {isa = PBXBuildFile; fileRef = 6D27C33C24BC313F00B16251 /* AppDelegate.m */; };
		6D27C34024BC313F00B16251 /* SceneDelegate.m in Sources */ = {isa = PBXBuildFile; fileRef = 6D27C33F24BC313F00B16251 /* SceneDelegate.m */; };
		6D27C34324BC313F00B16251 /* ViewController.m in Sources */ = {isa = PBXBuildFile; fileRef = 6D27C34224BC313F00B16251 /* ViewController.m */; };
		6D27C34624BC313F00B16251 /* Main.storyboard in Resources */ = {isa = PBXBuildFile; fileRef = 6D27C34424BC313F00B16251 /* Main.storyboard */; };
		6D27C34824BC314200B16251 /* Assets.xcassets in Resources */ = {isa = PBXBuildFile; fileRef = 6D27C34724BC314200B16251 /* Assets.xcassets */; };
		6D27C34B24BC314200B16251 /* LaunchScreen.storyboard in Resources */ = {isa = PBXBuildFile; fileRef = 6D27C34924BC314200B16251 /* LaunchScreen.storyboard */; };
		6D27C34E24BC314200B16251 /* main.m in Sources */ = {isa = PBXBuildFile; fileRef = 6D27C34D24BC314200B16251 /* main.m */; };
/* End PBXBuildFile section */

/* Begin PBXFileReference section */
		6D27C33824BC313F00B16251 /* ATPagingByCell.app */ = {isa = PBXFileReference; explicitFileType = wrapper.application; includeInIndex = 0; path = ATPagingByCell.app; sourceTree = BUILT_PRODUCTS_DIR; };
		6D27C33B24BC313F00B16251 /* AppDelegate.h */ = {isa = PBXFileReference; lastKnownFileType = sourcecode.c.h; path = AppDelegate.h; sourceTree = "<group>"; };
		6D27C33C24BC313F00B16251 /* AppDelegate.m */ = {isa = PBXFileReference; lastKnownFileType = sourcecode.c.objc; path = AppDelegate.m; sourceTree = "<group>"; };
		6D27C33E24BC313F00B16251 /* SceneDelegate.h */ = {isa = PBXFileReference; lastKnownFileType = sourcecode.c.h; path = SceneDelegate.h; sourceTree = "<group>"; };
		6D27C33F24BC313F00B16251 /* SceneDelegate.m */ = {isa = PBXFileReference; lastKnownFileType = sourcecode.c.objc; path = SceneDelegate.m; sourceTree = "<group>"; };
		6D27C34124BC313F00B16251 /* ViewController.h */ = {isa = PBXFileReference; lastKnownFileType = sourcecode.c.h; path = ViewController.h; sourceTree = "<group>"; };
		6D27C34224BC313F00B16251 /* ViewController.m */ = {isa = PBXFileReference; lastKnownFileType = sourcecode.c.objc; path = ViewController.m; sourceTree = "<group>"; };
		6D27C34524BC313F00B16251 /* Base */ = {isa = PBXFileReference; lastKnownFileType = file.storyboard; name = Base; path = Base.lproj/Main.storyboard; sourceTree = "<group>"; };
		6D27C34724BC314200B16251 /* Assets.xcassets */ = {isa = PBXFileReference; lastKnownFileType = folder.assetcatalog; path = Assets.xcassets; sourceTree = "<group>"; };
		6D27C34A24BC314200B16251 /* Base */ = {isa = PBXFileReference; lastKnownFileType = file.storyboard; name = Base; path = Base.lproj/LaunchScreen.storyboard; sourceTree = "<group>"; };
		6D27C34C24BC314200B16251 /* Info.plist */ = {isa = PBXFileReference; lastKnownFileType = text.plist.xml; path = Info.plist; sourceTree = "<group>"; };
		6D27C34D24BC314200B16251 /* main.m */ = {isa = PBXFileReference; lastKnownFileType = sourcecode.c.objc; path = main.m; sourceTree = "<group>"; };
/* End PBXFileReference section */

/* Begin PBXFrameworksBuildPhase section */
		6D27C33524BC313F00B16251 /* Frameworks */ = {
			isa = PBXFrameworksBuildPhase;
			buildActionMask = 2147483647;
			files = (
			);
			runOnlyForDeploymentPostprocessing = 0;
		};
/* End PBXFrameworksBuildPhase section */

/* Begin PBXGroup section */
		6D27C32F24BC313F00B16251 = {
			isa = PBXGroup;
			children = (
				6D27C33A24BC313F00B16251 /* ATPagingByCell */,
				6D27C33924BC313F00B16251 /* Products */,
			);
			sourceTree = "<group>";
		};
		6D27C33924BC313F00B16251 /* Products */ = {
			isa = PBXGroup;
			children = (
				6D27C33824BC313F00B16251 /* ATPagingByCell.app */,
			);
			name = Products;
			sourceTree = "<group>";
		};
		6D27C33A24BC313F00B16251 /* ATPagingByCell */ = {
			isa = PBXGroup;
			children = (
				6D27C33B24BC313F00B16251 /* AppDelegate.h */,
				6D27C33C24BC313F00B16251 /* AppDelegate.m */,
				6D27C33E24BC313F00B16251 /* SceneDelegate.h */,
				6D27C33F24BC313F00B16251 /* SceneDelegate.m */,
				6D27C34124BC313F00B16251 /* ViewController.h */,
				6D27C34224BC313F00B16251 /* ViewController.m */,
				6D27C34424BC313F00B16251 /* Main.storyboard */,
				6D27C34724BC314200B16251 /* Assets.xcassets */,
				6D27C34924BC314200B16251 /* LaunchScreen.storyboard */,
				6D27C34C24BC314200B16251 /* Info.plist */,
				6D27C34D24BC314200B16251 /* main.m */,
			);
			path = ATPagingByCell;
			sourceTree = "<group>";
		};
/* End PBXGroup section */

/* Begin PBXNativeTarget section */
		6D27C33724BC313F00B16251 /* ATPagingByCell */ = {
			isa = PBXNativeTarget;
			buildConfigurationList = 6D27C35124BC314200B16251 /* Build configuration list for PBXNativeTarget "ATPagingByCell" */;
			buildPhases = (
				6D27C33424BC313F00B16251 /* Sources */,
				6D27C33524BC313F00B16251 /* Frameworks */,
				6D27C33624BC313F00B16251 /* Resources */,
			);
			buildRules = (
			);
			dependencies = (
			);
			name = ATPagingByCell;
			productName = ATPagingByCell;
			productReference = 6D27C33824BC313F00B16251 /* ATPagingByCell.app */;
			productType = "com.apple.product-type.application";
		};
/* End PBXNativeTarget section */

/* Begin PBXProject section */
		6D27C33024BC313F00B16251 /* Project object */ = {
			isa = PBXProject;
			attributes = {
				LastUpgradeCheck = 1150;
				ORGANIZATIONNAME = ApesTalk;
				TargetAttributes = {
					6D27C33724BC313F00B16251 = {
						CreatedOnToolsVersion = 11.5;
					};
				};
			};
			buildConfigurationList = 6D27C33324BC313F00B16251 /* Build configuration list for PBXProject "ATPagingByCell" */;
			compatibilityVersion = "Xcode 9.3";
			developmentRegion = en;
			hasScannedForEncodings = 0;
			knownRegions = (
				en,
				Base,
			);
			mainGroup = 6D27C32F24BC313F00B16251;
			productRefGroup = 6D27C33924BC313F00B16251 /* Products */;
			projectDirPath = "";
			projectRoot = "";
			targets = (
				6D27C33724BC313F00B16251 /* ATPagingByCell */,
			);
		};
/* End PBXProject section */

/* Begin PBXResourcesBuildPhase section */
		6D27C33624BC313F00B16251 /* Resources */ = {
			isa = PBXResourcesBuildPhase;
			buildActionMask = 2147483647;
			files = (
				6D27C34B24BC314200B16251 /* LaunchScreen.storyboard in Resources */,
				6D27C34824BC314200B16251 /* Assets.xcassets in Resources */,
				6D27C34624BC313F00B16251 /* Main.storyboard in Resources */,
			);
			runOnlyForDeploymentPostprocessing = 0;
		};
/* End PBXResourcesBuildPhase section */

/* Begin PBXSourcesBuildPhase section */
		6D27C33424BC313F00B16251 /* Sources */ = {
			isa = PBXSourcesBuildPhase;
			buildActionMask = 2147483647;
			files = (
				6D27C34324BC313F00B16251 /* ViewController.m in Sources */,
				6D27C33D24BC313F00B16251 /* AppDelegate.m in Sources */,
				6D27C34E24BC314200B16251 /* main.m in Sources */,
				6D27C34024BC313F00B16251 /* SceneDelegate.m in Sources */,
			);
			runOnlyForDeploymentPostprocessing = 0;
		};
/* End PBXSourcesBuildPhase section */

/* Begin PBXVariantGroup section */
		6D27C34424BC313F00B16251 /* Main.storyboard */ = {
			isa = PBXVariantGroup;
			children = (
				6D27C34524BC313F00B16251 /* Base */,
			);
			name = Main.storyboard;
			sourceTree = "<group>";
		};
		6D27C34924BC314200B16251 /* LaunchScreen.storyboard */ = {
			isa = PBXVariantGroup;
			children = (
				6D27C34A24BC314200B16251 /* Base */,
			);
			name = LaunchScreen.storyboard;
			sourceTree = "<group>";
		};
/* End PBXVariantGroup section */

/* Begin XCBuildConfiguration section */
		6D27C34F24BC314200B16251 /* Debug */ = {
			isa = XCBuildConfiguration;
			buildSettings = {
				ALWAYS_SEARCH_USER_PATHS = NO;
				CLANG_ANALYZER_NONNULL = YES;
				CLANG_ANALYZER_NUMBER_OBJECT_CONVERSION = YES_AGGRESSIVE;
				CLANG_CXX_LANGUAGE_STANDARD = "gnu++14";
				CLANG_CXX_LIBRARY = "libc++";
				CLANG_ENABLE_MODULES = YES;
				CLANG_ENABLE_OBJC_ARC = YES;
				CLANG_ENABLE_OBJC_WEAK = YES;
				CLANG_WARN_BLOCK_CAPTURE_AUTORELEASING = YES;
				CLANG_WARN_BOOL_CONVERSION = YES;
				CLANG_WARN_COMMA = YES;
				CLANG_WARN_CONSTANT_CONVERSION = YES;
				CLANG_WARN_DEPRECATED_OBJC_IMPLEMENTATIONS = YES;
				CLANG_WARN_DIRECT_OBJC_ISA_USAGE = YES_ERROR;
				CLANG_WARN_DOCUMENTATION_COMMENTS = YES;
				CLANG_WARN_EMPTY_BODY = YES;
				CLANG_WARN_ENUM_CONVERSION = YES;
				CLANG_WARN_INFINITE_RECURSION = YES;
				CLANG_WARN_INT_CONVERSION = YES;
				CLANG_WARN_NON_LITERAL_NULL_CONVERSION = YES;
				CLANG_WARN_OBJC_IMPLICIT_RETAIN_SELF = YES;
				CLANG_WARN_OBJC_LITERAL_CONVERSION = YES;
				CLANG_WARN_OBJC_ROOT_CLASS = YES_ERROR;
				CLANG_WARN_RANGE_LOOP_ANALYSIS = YES;
				CLANG_WARN_STRICT_PROTOTYPES = YES;
				CLANG_WARN_SUSPICIOUS_MOVE = YES;
				CLANG_WARN_UNGUARDED_AVAILABILITY = YES_AGGRESSIVE;
				CLANG_WARN_UNREACHABLE_CODE = YES;
				CLANG_WARN__DUPLICATE_METHOD_MATCH = YES;
				COPY_PHASE_STRIP = NO;
				DEBUG_INFORMATION_FORMAT = dwarf;
				ENABLE_STRICT_OBJC_MSGSEND = YES;
				ENABLE_TESTABILITY = YES;
				GCC_C_LANGUAGE_STANDARD = gnu11;
				GCC_DYNAMIC_NO_PIC = NO;
				GCC_NO_COMMON_BLOCKS = YES;
				GCC_OPTIMIZATION_LEVEL = 0;
				GCC_PREPROCESSOR_DEFINITIONS = (
					"DEBUG=1",
					"$(inherited)",
				);
				GCC_WARN_64_TO_32_BIT_CONVERSION = YES;
				GCC_WARN_ABOUT_RETURN_TYPE = YES_ERROR;
				GCC_WARN_UNDECLARED_SELECTOR = YES;
				GCC_WARN_UNINITIALIZED_AUTOS = YES_AGGRESSIVE;
				GCC_WARN_UNUSED_FUNCTION = YES;
				GCC_WARN_UNUSED_VARIABLE = YES;
				IPHONEOS_DEPLOYMENT_TARGET = 13.5;
				MTL_ENABLE_DEBUG_INFO = INCLUDE_SOURCE;
				MTL_FAST_MATH = YES;
				ONLY_ACTIVE_ARCH = YES;
				SDKROOT = iphoneos;
			};
			name = Debug;
		};
		6D27C35024BC314200B16251 /* Release */ = {
			isa = XCBuildConfiguration;
			buildSettings = {
				ALWAYS_SEARCH_USER_PATHS = NO;
				CLANG_ANALYZER_NONNULL = YES;
				CLANG_ANALYZER_NUMBER_OBJECT_CONVERSION = YES_AGGRESSIVE;
				CLANG_CXX_LANGUAGE_STANDARD = "gnu++14";
				CLANG_CXX_LIBRARY = "libc++";
				CLANG_ENABLE_MODULES = YES;
				CLANG_ENABLE_OBJC_ARC = YES;
				CLANG_ENABLE_OBJC_WEAK = YES;
				CLANG_WARN_BLOCK_CAPTURE_AUTORELEASING = YES;
				CLANG_WARN_BOOL_CONVERSION = YES;
				CLANG_WARN_COMMA = YES;
				CLANG_WARN_CONSTANT_CONVERSION = YES;
				CLANG_WARN_DEPRECATED_OBJC_IMPLEMENTATIONS = YES;
				CLANG_WARN_DIRECT_OBJC_ISA_USAGE = YES_ERROR;
				CLANG_WARN_DOCUMENTATION_COMMENTS = YES;
				CLANG_WARN_EMPTY_BODY = YES;
				CLANG_WARN_ENUM_CONVERSION = YES;
				CLANG_WARN_INFINITE_RECURSION = YES;
				CLANG_WARN_INT_CONVERSION = YES;
				CLANG_WARN_NON_LITERAL_NULL_CONVERSION = YES;
				CLANG_WARN_OBJC_IMPLICIT_RETAIN_SELF = YES;
				CLANG_WARN_OBJC_LITERAL_CONVERSION = YES;
				CLANG_WARN_OBJC_ROOT_CLASS = YES_ERROR;
				CLANG_WARN_RANGE_LOOP_ANALYSIS = YES;
				CLANG_WARN_STRICT_PROTOTYPES = YES;
				CLANG_WARN_SUSPICIOUS_MOVE = YES;
				CLANG_WARN_UNGUARDED_AVAILABILITY = YES_AGGRESSIVE;
				CLANG_WARN_UNREACHABLE_CODE = YES;
				CLANG_WARN__DUPLICATE_METHOD_MATCH = YES;
				COPY_PHASE_STRIP = NO;
				DEBUG_INFORMATION_FORMAT = "dwarf-with-dsym";
				ENABLE_NS_ASSERTIONS = NO;
				ENABLE_STRICT_OBJC_MSGSEND = YES;
				GCC_C_LANGUAGE_STANDARD = gnu11;
				GCC_NO_COMMON_BLOCKS = YES;
				GCC_WARN_64_TO_32_BIT_CONVERSION = YES;
				GCC_WARN_ABOUT_RETURN_TYPE = YES_ERROR;
				GCC_WARN_UNDECLARED_SELECTOR = YES;
				GCC_WARN_UNINITIALIZED_AUTOS = YES_AGGRESSIVE;
				GCC_WARN_UNUSED_FUNCTION = YES;
				GCC_WARN_UNUSED_VARIABLE = YES;
				IPHONEOS_DEPLOYMENT_TARGET = 13.5;
				MTL_ENABLE_DEBUG_INFO = NO;
				MTL_FAST_MATH = YES;
				SDKROOT = iphoneos;
				VALIDATE_PRODUCT = YES;
			};
			name = Release;
		};
		6D27C35224BC314200B16251 /* Debug */ = {
			isa = XCBuildConfiguration;
			buildSettings = {
				ASSETCATALOG_COMPILER_APPICON_NAME = AppIcon;
				CODE_SIGN_STYLE = Automatic;
				DEVELOPMENT_TEAM = "";
				INFOPLIST_FILE = ATPagingByCell/Info.plist;
				LD_RUNPATH_SEARCH_PATHS = (
					"$(inherited)",
					"@executable_path/Frameworks",
				);
				PRODUCT_BUNDLE_IDENTIFIER = com.github.ApesTalk.ATPagingByCell;
				PRODUCT_NAME = "$(TARGET_NAME)";
				TARGETED_DEVICE_FAMILY = "1,2";
			};
			name = Debug;
		};
		6D27C35324BC314200B16251 /* Release */ = {
			isa = XCBuildConfiguration;
			buildSettings = {
				ASSETCATALOG_COMPILER_APPICON_NAME = AppIcon;
				CODE_SIGN_STYLE = Automatic;
				DEVELOPMENT_TEAM = "";
				INFOPLIST_FILE = ATPagingByCell/Info.plist;
				LD_RUNPATH_SEARCH_PATHS = (
					"$(inherited)",
					"@executable_path/Frameworks",
				);
				PRODUCT_BUNDLE_IDENTIFIER = com.github.ApesTalk.ATPagingByCell;
				PRODUCT_NAME = "$(TARGET_NAME)";
				TARGETED_DEVICE_FAMILY = "1,2";
			};
			name = Release;
		};
/* End XCBuildConfiguration section */

/* Begin XCConfigurationList section */
		6D27C33324BC313F00B16251 /* Build configuration list for PBXProject "ATPagingByCell" */ = {
			isa = XCConfigurationList;
			buildConfigurations = (
				6D27C34F24BC314200B16251 /* Debug */,
				6D27C35024BC314200B16251 /* Release */,
			);
			defaultConfigurationIsVisible = 0;
			defaultConfigurationName = Release;
		};
		6D27C35124BC314200B16251 /* Build configuration list for PBXNativeTarget "ATPagingByCell" */ = {
			isa = XCConfigurationList;
			buildConfigurations = (
				6D27C35224BC314200B16251 /* Debug */,
				6D27C35324BC314200B16251 /* Release */,
			);
			defaultConfigurationIsVisible = 0;
			defaultConfigurationName = Release;
		};
/* End XCConfigurationList section */
	};
	rootObject = 6D27C33024BC313F00B16251 /* Project object */;
}
